
Microsoft Visual Studio Solution File, Format Version 12.00
# Visual Studio Version 17
VisualStudioVersion = 17.6.33815.320
MinimumVisualStudioVersion = 10.0.40219.1
Project("{FAE04EC0-301F-11D3-BF4B-00C04F79EFBC}") = "StructGen", "StructGen.csproj", "{8D3AF007-C98A-4AEE-B98F-662B41DC1768}"
EndProject
Global
	GlobalSection(SolutionConfigurationPlatforms) = preSolution
		Debug|Any CPU = Debug|Any CPU
		Release|Any CPU = Release|Any CPU
	EndGlobalSection
	GlobalSection(ProjectConfigurationPlatforms) = postSolution
		{8D3AF007-C98A-4AEE-B98F-662B41DC1768}.Debug|Any CPU.ActiveCfg = Debug|Any CPU
		{8D3AF007-C98A-4AEE-B98F-662B41DC1768}.Debug|Any CPU.Build.0 = Debug|Any CPU
		{8D3AF007-C98A-4AEE-B98F-662B41DC1768}.Release|Any CPU.ActiveCfg = Release|Any CPU
		{8D3AF007-C98A-4AEE-B98F-662B41DC1768}.Release|Any CPU.Build.0 = Release|Any CPU
	EndGlobalSection
	GlobalSection(SolutionProperties) = preSolution
		HideSolutionNode = FALSE
	EndGlobalSection
	GlobalSection(ExtensibilityGlobals) = postSolution
		SolutionGuid = {F2B052F2-9136-43D9-BACE-8243778C020E}
	EndGlobalSection
EndGlobal
